{
    "_readme": [
        "This file locks the dependencies of your project to a known state",
        "Read more about it at https://getcomposer.org/doc/01-basic-usage.md#composer-lock-the-lock-file",
        "This file is @generated automatically"
    ],
    "hash": "89743bd755151ba0fd949a2fc758cd68",
    "content-hash": "e33013a04e4221bd5043a8724f0657d9",
    "packages": [
        {
            "name": "orpheus/orpheus-cache",
            "version": "dev-master",
            "source": {
                "type": "git",
                "url": "https://github.com/Sowapps/orpheus-cache.git",
                "reference": "a5da1e908a0b5fea7db6721c904fabfbbd6a7b07"
            },
            "dist": {
                "type": "zip",
                "url": "https://api.github.com/repos/Sowapps/orpheus-cache/zipball/a5da1e908a0b5fea7db6721c904fabfbbd6a7b07",
                "reference": "a5da1e908a0b5fea7db6721c904fabfbbd6a7b07",
                "shasum": ""
            },
            "type": "library",
            "autoload": {
                "psr-4": {
                    "Orpheus\\": "src"
                }
            },
            "notification-url": "https://packagist.org/downloads/",
            "license": [
                "MIT"
            ],
            "authors": [
                {
                    "name": "Florent HAZARD",
                    "email": "contact@sowapps.com",
                    "homepage": "http://sowapps.com",
                    "role": "Developer"
                }
            ],
            "description": "Orpheus Cache",
            "keywords": [
                "apc",
                "cache",
                "filesystem",
                "orpheus"
            ],
            "time": "2016-06-27 12:07:51"
        },
        {
            "name": "orpheus/orpheus-core",
            "version": "dev-master",
            "source": {
                "type": "git",
                "url": "https://github.com/Sowapps/orpheus-core.git",
                "reference": "ed86347a35ffe2f8ac1def93b133f48acae1c0d5"
            },
            "dist": {
                "type": "zip",
                "url": "https://api.github.com/repos/Sowapps/orpheus-core/zipball/ed86347a35ffe2f8ac1def93b133f48acae1c0d5",
                "reference": "ed86347a35ffe2f8ac1def93b133f48acae1c0d5",
                "shasum": ""
            },
            "require": {
                "orpheus/orpheus-hook": "dev-master"
            },
            "type": "library",
            "autoload": {
                "psr-4": {
                    "Orpheus\\": "src"
                },
                "files": [
                    "src/_loader.php"
                ]
            },
            "notification-url": "https://packagist.org/downloads/",
            "license": [
                "MIT"
            ],
            "authors": [
                {
                    "name": "Florent HAZARD",
                    "email": "contact@sowapps.com",
                    "homepage": "http://sowapps.com",
                    "role": "Developer"
                }
            ],
            "description": "Orpheus Core",
            "keywords": [
                "core",
                "orpheus"
            ],
            "time": "2016-06-27 13:20:45"
        },
        {
            "name": "orpheus/orpheus-entitydescriptor",
            "version": "dev-master",
            "source": {
                "type": "git",
                "url": "https://github.com/Sowapps/orpheus-entitydescriptor.git",
                "reference": "d4a047044f4c7d5cac9b0ddd5a14a0503fc6bb42"
            },
            "dist": {
                "type": "zip",
                "url": "https://api.github.com/repos/Sowapps/orpheus-entitydescriptor/zipball/d4a047044f4c7d5cac9b0ddd5a14a0503fc6bb42",
                "reference": "d4a047044f4c7d5cac9b0ddd5a14a0503fc6bb42",
                "shasum": ""
            },
            "require": {
                "orpheus/orpheus-cache": "dev-master",
                "orpheus/orpheus-core": "dev-master",
                "orpheus/orpheus-hook": "dev-master",
                "orpheus/orpheus-inputcontroller": "dev-master",
                "orpheus/orpheus-publisher": "dev-master",
                "orpheus/orpheus-rendering": "dev-master",
                "orpheus/orpheus-sqladapter": "dev-master",
                "orpheus/orpheus-yaml": "dev-master"
            },
            "type": "library",
            "autoload": {
                "psr-4": {
                    "Orpheus\\": "src"
                },
                "files": [
                    "src/_loader.php"
                ]
            },
            "notification-url": "https://packagist.org/downloads/",
            "license": [
                "MIT"
            ],
            "authors": [
                {
                    "name": "Florent HAZARD",
                    "email": "contact@sowapps.com",
                    "homepage": "http://sowapps.com",
                    "role": "Developer"
                }
            ],
            "description": "Orpheus Entity Descriptor",
            "keywords": [
                "database",
                "entity",
                "object",
                "orpheus",
                "persistent"
            ],
            "time": "2016-06-27 12:12:52"
        },
        {
            "name": "orpheus/orpheus-hook",
            "version": "dev-master",
            "source": {
                "type": "git",
                "url": "https://github.com/Sowapps/orpheus-hook.git",
                "reference": "13e4b636ea7fbbd48dd4a4080b0c67fd053eb73a"
            },
            "dist": {
                "type": "zip",
                "url": "https://api.github.com/repos/Sowapps/orpheus-hook/zipball/13e4b636ea7fbbd48dd4a4080b0c67fd053eb73a",
                "reference": "13e4b636ea7fbbd48dd4a4080b0c67fd053eb73a",
                "shasum": ""
            },
            "type": "library",
            "autoload": {
                "psr-4": {
                    "Orpheus\\": "src"
                },
                "files": [
                    "src/_loader.php"
                ]
            },
            "notification-url": "https://packagist.org/downloads/",
            "license": [
                "MIT"
            ],
            "authors": [
                {
                    "name": "Florent HAZARD",
                    "email": "contact@sowapps.com",
                    "homepage": "http://sowapps.com",
                    "role": "Developer"
                }
            ],
            "description": "Orpheus Hook",
            "homepage": "https://github.com/Sowapps/orpheus-hook",
            "keywords": [
                "HOOK",
                "event",
                "orpheus"
            ],
            "time": "2016-06-23 08:49:06"
        },
        {
            "name": "orpheus/orpheus-inputcontroller",
            "version": "dev-master",
            "source": {
                "type": "git",
                "url": "https://github.com/Sowapps/orpheus-inputcontroller.git",
                "reference": "478e89344ac8c7d8b2f26e47599c49dc82f432b3"
            },
            "dist": {
                "type": "zip",
                "url": "https://api.github.com/repos/Sowapps/orpheus-inputcontroller/zipball/478e89344ac8c7d8b2f26e47599c49dc82f432b3",
                "reference": "478e89344ac8c7d8b2f26e47599c49dc82f432b3",
                "shasum": ""
            },
            "require": {
                "orpheus/orpheus-cache": "dev-master",
                "orpheus/orpheus-core": "dev-master",
                "orpheus/orpheus-hook": "dev-master",
                "orpheus/orpheus-rendering": "dev-master",
                "orpheus/orpheus-yaml": "dev-master"
            },
            "type": "library",
            "autoload": {
                "psr-4": {
                    "Orpheus\\": "src"
                },
                "files": [
                    "src/_loader.php"
                ]
            },
            "notification-url": "https://packagist.org/downloads/",
            "license": [
                "MIT"
            ],
            "authors": [
                {
                    "name": "Florent HAZARD",
                    "email": "contact@sowapps.com",
                    "homepage": "http://sowapps.com",
                    "role": "Developer"
                }
            ],
            "description": "Orpheus Input Controller",
            "keywords": [
                "controller",
                "input",
                "model",
                "mvc",
                "orpheus",
                "view"
            ],
            "time": "2016-06-27 13:52:17"
        },
        {
            "name": "orpheus/orpheus-rendering",
            "version": "dev-master",
            "source": {
                "type": "git",
                "url": "https://github.com/Sowapps/orpheus-rendering.git",
                "reference": "9cc1e6c916cbf571ab7636738d9cabc12dda01c5"
            },
            "dist": {
                "type": "zip",
                "url": "https://api.github.com/repos/Sowapps/orpheus-rendering/zipball/9cc1e6c916cbf571ab7636738d9cabc12dda01c5",
                "reference": "9cc1e6c916cbf571ab7636738d9cabc12dda01c5",
                "shasum": ""
            },
            "require": {
                "orpheus/orpheus-core": "dev-master",
                "orpheus/orpheus-hook": "dev-master"
            },
            "type": "library",
            "autoload": {
                "psr-4": {
                    "Orpheus\\": "src"
                },
                "files": [
                    "src/_loader.php"
                ]
            },
            "notification-url": "https://packagist.org/downloads/",
            "license": [
                "MIT"
            ],
            "authors": [
                {
                    "name": "Florent HAZARD",
                    "email": "contact@sowapps.com",
                    "homepage": "http://sowapps.com",
                    "role": "Developer"
                }
            ],
            "description": "Orpheus Rendering",
            "keywords": [
                "Rendering",
                "orpheus"
            ],
            "time": "2016-06-27 13:52:48"
        },
        {
            "name": "orpheus/orpheus-sqladapter",
            "version": "dev-master",
            "source": {
                "type": "git",
                "url": "https://github.com/Sowapps/orpheus-sqladapter.git",
                "reference": "78219eeb4574f8c43a279bf99348db19bdba1dfb"
            },
            "dist": {
                "type": "zip",
                "url": "https://api.github.com/repos/Sowapps/orpheus-sqladapter/zipball/78219eeb4574f8c43a279bf99348db19bdba1dfb",
                "reference": "78219eeb4574f8c43a279bf99348db19bdba1dfb",
                "shasum": ""
            },
            "require": {
                "orpheus/orpheus-cache": "dev-master",
                "orpheus/orpheus-core": "dev-master",
                "orpheus/orpheus-hook": "dev-master"
            },
            "type": "library",
            "autoload": {
                "psr-4": {
                    "Orpheus\\": "src"
                },
                "files": [
                    "src/_loader.php"
                ]
            },
            "notification-url": "https://packagist.org/downloads/",
            "license": [
                "MIT"
            ],
            "authors": [
                {
                    "name": "Florent HAZARD",
                    "email": "contact@sowapps.com",
                    "homepage": "http://sowapps.com",
                    "role": "Developer"
                }
            ],
            "description": "Orpheus SQL Adapter",
            "keywords": [
                "database",
                "orpheus",
                "query",
                "sql"
            ],
            "time": "2016-06-23 16:12:28"
        },
        {
            "name": "orpheus/orpheus-yaml",
            "version": "dev-master",
            "source": {
                "type": "git",
                "url": "https://github.com/Sowapps/orpheus-yaml.git",
                "reference": "192d3c56474f87d824ac7deed4db0830c2dfd2f4"
            },
            "dist": {
                "type": "zip",
                "url": "https://api.github.com/repos/Sowapps/orpheus-yaml/zipball/192d3c56474f87d824ac7deed4db0830c2dfd2f4",
                "reference": "192d3c56474f87d824ac7deed4db0830c2dfd2f4",
                "shasum": ""
            },
            "require": {
                "orpheus/orpheus-core": "dev-master",
                "orpheus/orpheus-hook": "dev-master"
            },
            "type": "library",
            "autoload": {
                "psr-4": {
                    "Orpheus\\": "src"
                }
            },
            "notification-url": "https://packagist.org/downloads/",
            "license": [
                "MIT"
            ],
            "authors": [
                {
                    "name": "Florent HAZARD",
                    "email": "contact@sowapps.com",
                    "homepage": "http://sowapps.com",
                    "role": "Developer"
                }
            ],
            "description": "Orpheus YAML",
            "keywords": [
                "orpheus",
                "yaml"
            ],
            "time": "2016-06-23 13:44:40"
        }
    ],
    "packages-dev": [],
    "aliases": [],
    "minimum-stability": "stable",
    "stability-flags": {
        "orpheus/orpheus-core": 20,
        "orpheus/orpheus-hook": 20,
        "orpheus/orpheus-cache": 20,
        "orpheus/orpheus-sqladapter": 20,
        "orpheus/orpheus-yaml": 20,
        "orpheus/orpheus-rendering": 20,
        "orpheus/orpheus-inputcontroller": 20,
        "orpheus/orpheus-entitydescriptor": 20
    },
    "prefer-stable": false,
    "prefer-lowest": false,
    "platform": [],
    "platform-dev": []
}
